// !$*UTF8*$!
{
	archiveVersion = 1;
	classes = {
	};
	objectVersion = 60;
	objects = {

/* Begin PBXBuildFile section */
		281C28292B2D08140018D1BA /* CSVFragment.swift in Sources */ = {isa = PBXBuildFile; fileRef = 281C28282B2D08140018D1BA /* CSVFragment.swift */; };
		2835A4762B2E49F5001CE3E0 /* Stop.swift in Sources */ = {isa = PBXBuildFile; fileRef = 2835A4752B2E49F5001CE3E0 /* Stop.swift */; };
		2835A4782B2E4B00001CE3E0 /* Route.swift in Sources */ = {isa = PBXBuildFile; fileRef = 2835A4772B2E4B00001CE3E0 /* Route.swift */; };
		2835A47A2B2E4B8C001CE3E0 /* Trip.swift in Sources */ = {isa = PBXBuildFile; fileRef = 2835A4792B2E4B8C001CE3E0 /* Trip.swift */; };
		2835A47C2B2E4C99001CE3E0 /* StopTime.swift in Sources */ = {isa = PBXBuildFile; fileRef = 2835A47B2B2E4C99001CE3E0 /* StopTime.swift */; };
		2835A47E2B2E4D2D001CE3E0 /* Calendar.swift in Sources */ = {isa = PBXBuildFile; fileRef = 2835A47D2B2E4D2D001CE3E0 /* Calendar.swift */; };
		2835A4802B2E4D97001CE3E0 /* CalendarDate.swift in Sources */ = {isa = PBXBuildFile; fileRef = 2835A47F2B2E4D97001CE3E0 /* CalendarDate.swift */; };
		2835A4822B2E4DD0001CE3E0 /* FareAttribute.swift in Sources */ = {isa = PBXBuildFile; fileRef = 2835A4812B2E4DD0001CE3E0 /* FareAttribute.swift */; };
		2835A4842B2E4E4E001CE3E0 /* FareRule.swift in Sources */ = {isa = PBXBuildFile; fileRef = 2835A4832B2E4E4E001CE3E0 /* FareRule.swift */; };
		2835A4862B2E4E9A001CE3E0 /* Timeframe.swift in Sources */ = {isa = PBXBuildFile; fileRef = 2835A4852B2E4E9A001CE3E0 /* Timeframe.swift */; };
		2835A4882B2E4ED5001CE3E0 /* FareMedia.swift in Sources */ = {isa = PBXBuildFile; fileRef = 2835A4872B2E4ED5001CE3E0 /* FareMedia.swift */; };
		2835A48A2B2E4F1D001CE3E0 /* FareProduct.swift in Sources */ = {isa = PBXBuildFile; fileRef = 2835A4892B2E4F1D001CE3E0 /* FareProduct.swift */; };
		2835A48C2B2E4F69001CE3E0 /* FareLegRule.swift in Sources */ = {isa = PBXBuildFile; fileRef = 2835A48B2B2E4F69001CE3E0 /* FareLegRule.swift */; };
		2835A48E2B2E4FC5001CE3E0 /* FareTransferRule.swift in Sources */ = {isa = PBXBuildFile; fileRef = 2835A48D2B2E4FC5001CE3E0 /* FareTransferRule.swift */; };
		2835A4902B2E5025001CE3E0 /* Area.swift in Sources */ = {isa = PBXBuildFile; fileRef = 2835A48F2B2E5025001CE3E0 /* Area.swift */; };
		2835A4922B2E5048001CE3E0 /* StopArea.swift in Sources */ = {isa = PBXBuildFile; fileRef = 2835A4912B2E5048001CE3E0 /* StopArea.swift */; };
		2835A4942B2E5081001CE3E0 /* Network.swift in Sources */ = {isa = PBXBuildFile; fileRef = 2835A4932B2E5081001CE3E0 /* Network.swift */; };
		2835A4962B2E50A1001CE3E0 /* RouteNetwork.swift in Sources */ = {isa = PBXBuildFile; fileRef = 2835A4952B2E50A1001CE3E0 /* RouteNetwork.swift */; };
		2835A4982B2E50C5001CE3E0 /* Shape.swift in Sources */ = {isa = PBXBuildFile; fileRef = 2835A4972B2E50C5001CE3E0 /* Shape.swift */; };
		2835A49A2B2E50FD001CE3E0 /* Frequency.swift in Sources */ = {isa = PBXBuildFile; fileRef = 2835A4992B2E50FD001CE3E0 /* Frequency.swift */; };
		2835A49C2B2E5139001CE3E0 /* Transfer.swift in Sources */ = {isa = PBXBuildFile; fileRef = 2835A49B2B2E5139001CE3E0 /* Transfer.swift */; };
		2835A49E2B2E5195001CE3E0 /* Pathway.swift in Sources */ = {isa = PBXBuildFile; fileRef = 2835A49D2B2E5195001CE3E0 /* Pathway.swift */; };
		2835A4A02B2E51FE001CE3E0 /* Level.swift in Sources */ = {isa = PBXBuildFile; fileRef = 2835A49F2B2E51FE001CE3E0 /* Level.swift */; };
		2835A4A22B2E5220001CE3E0 /* Translation.swift in Sources */ = {isa = PBXBuildFile; fileRef = 2835A4A12B2E5220001CE3E0 /* Translation.swift */; };
		2835A4A42B2E527F001CE3E0 /* FeedInfo.swift in Sources */ = {isa = PBXBuildFile; fileRef = 2835A4A32B2E527F001CE3E0 /* FeedInfo.swift */; };
		2835A4A62B2E52D3001CE3E0 /* Attribution.swift in Sources */ = {isa = PBXBuildFile; fileRef = 2835A4A52B2E52D3001CE3E0 /* Attribution.swift */; };
		2835A4A82B2EF0A6001CE3E0 /* Dataset.swift in Sources */ = {isa = PBXBuildFile; fileRef = 2835A4A72B2EF0A6001CE3E0 /* Dataset.swift */; };
		2835A4AA2B2F6064001CE3E0 /* DatasetSourceView.swift in Sources */ = {isa = PBXBuildFile; fileRef = 2835A4A92B2F6064001CE3E0 /* DatasetSourceView.swift */; };
		2835A4AC2B2F60BD001CE3E0 /* DatasetDownloader.swift in Sources */ = {isa = PBXBuildFile; fileRef = 2835A4AB2B2F60BD001CE3E0 /* DatasetDownloader.swift */; };
		2835A4AF2B2F8804001CE3E0 /* ZIPFoundation in Frameworks */ = {isa = PBXBuildFile; productRef = 2835A4AE2B2F8804001CE3E0 /* ZIPFoundation */; };
		288388392B2C3D5F00B0257B /* TransitApp.swift in Sources */ = {isa = PBXBuildFile; fileRef = 288388382B2C3D5F00B0257B /* TransitApp.swift */; };
		2883883B2B2C3D5F00B0257B /* ContentView.swift in Sources */ = {isa = PBXBuildFile; fileRef = 2883883A2B2C3D5F00B0257B /* ContentView.swift */; };
		2883883D2B2C3D6000B0257B /* Assets.xcassets in Resources */ = {isa = PBXBuildFile; fileRef = 2883883C2B2C3D6000B0257B /* Assets.xcassets */; };
		288388402B2C3D6000B0257B /* Preview Assets.xcassets in Resources */ = {isa = PBXBuildFile; fileRef = 2883883F2B2C3D6000B0257B /* Preview Assets.xcassets */; };
		2883884A2B2C3D6000B0257B /* TransitTests.swift in Sources */ = {isa = PBXBuildFile; fileRef = 288388492B2C3D6000B0257B /* TransitTests.swift */; };
		288388542B2C3D6000B0257B /* TransitUITests.swift in Sources */ = {isa = PBXBuildFile; fileRef = 288388532B2C3D6000B0257B /* TransitUITests.swift */; };
		288388562B2C3D6000B0257B /* TransitUITestsLaunchTests.swift in Sources */ = {isa = PBXBuildFile; fileRef = 288388552B2C3D6000B0257B /* TransitUITestsLaunchTests.swift */; };
		288388642B2C3E6400B0257B /* Agency.swift in Sources */ = {isa = PBXBuildFile; fileRef = 288388632B2C3E6400B0257B /* Agency.swift */; };
		288388662B2CAB6900B0257B /* AsyncCSVReader.swift in Sources */ = {isa = PBXBuildFile; fileRef = 288388652B2CAB6900B0257B /* AsyncCSVReader.swift */; };
		28F79A7C2B2E46B500F72AA7 /* CSVInit in Frameworks */ = {isa = PBXBuildFile; productRef = 28F79A7B2B2E46B500F72AA7 /* CSVInit */; };
/* End PBXBuildFile section */

/* Begin PBXContainerItemProxy section */
		288388462B2C3D6000B0257B /* PBXContainerItemProxy */ = {
			isa = PBXContainerItemProxy;
			containerPortal = 2883882D2B2C3D5F00B0257B /* Project object */;
			proxyType = 1;
			remoteGlobalIDString = 288388342B2C3D5F00B0257B;
			remoteInfo = Transit;
		};
		288388502B2C3D6000B0257B /* PBXContainerItemProxy */ = {
			isa = PBXContainerItemProxy;
			containerPortal = 2883882D2B2C3D5F00B0257B /* Project object */;
			proxyType = 1;
			remoteGlobalIDString = 288388342B2C3D5F00B0257B;
			remoteInfo = Transit;
		};
/* End PBXContainerItemProxy section */

/* Begin PBXFileReference section */
		281C28282B2D08140018D1BA /* CSVFragment.swift */ = {isa = PBXFileReference; lastKnownFileType = sourcecode.swift; path = CSVFragment.swift; sourceTree = "<group>"; };
		281C282B2B2E37B10018D1BA /* CSVInit */ = {isa = PBXFileReference; lastKnownFileType = wrapper; path = CSVInit; sourceTree = "<group>"; };
		2835A4752B2E49F5001CE3E0 /* Stop.swift */ = {isa = PBXFileReference; lastKnownFileType = sourcecode.swift; path = Stop.swift; sourceTree = "<group>"; };
		2835A4772B2E4B00001CE3E0 /* Route.swift */ = {isa = PBXFileReference; lastKnownFileType = sourcecode.swift; path = Route.swift; sourceTree = "<group>"; };
		2835A4792B2E4B8C001CE3E0 /* Trip.swift */ = {isa = PBXFileReference; lastKnownFileType = sourcecode.swift; path = Trip.swift; sourceTree = "<group>"; };
		2835A47B2B2E4C99001CE3E0 /* StopTime.swift */ = {isa = PBXFileReference; lastKnownFileType = sourcecode.swift; path = StopTime.swift; sourceTree = "<group>"; };
		2835A47D2B2E4D2D001CE3E0 /* Calendar.swift */ = {isa = PBXFileReference; lastKnownFileType = sourcecode.swift; path = Calendar.swift; sourceTree = "<group>"; };
		2835A47F2B2E4D97001CE3E0 /* CalendarDate.swift */ = {isa = PBXFileReference; lastKnownFileType = sourcecode.swift; path = CalendarDate.swift; sourceTree = "<group>"; };
		2835A4812B2E4DD0001CE3E0 /* FareAttribute.swift */ = {isa = PBXFileReference; lastKnownFileType = sourcecode.swift; path = FareAttribute.swift; sourceTree = "<group>"; };
		2835A4832B2E4E4E001CE3E0 /* FareRule.swift */ = {isa = PBXFileReference; lastKnownFileType = sourcecode.swift; path = FareRule.swift; sourceTree = "<group>"; };
		2835A4852B2E4E9A001CE3E0 /* Timeframe.swift */ = {isa = PBXFileReference; lastKnownFileType = sourcecode.swift; path = Timeframe.swift; sourceTree = "<group>"; };
		2835A4872B2E4ED5001CE3E0 /* FareMedia.swift */ = {isa = PBXFileReference; lastKnownFileType = sourcecode.swift; path = FareMedia.swift; sourceTree = "<group>"; };
		2835A4892B2E4F1D001CE3E0 /* FareProduct.swift */ = {isa = PBXFileReference; lastKnownFileType = sourcecode.swift; path = FareProduct.swift; sourceTree = "<group>"; };
		2835A48B2B2E4F69001CE3E0 /* FareLegRule.swift */ = {isa = PBXFileReference; lastKnownFileType = sourcecode.swift; path = FareLegRule.swift; sourceTree = "<group>"; };
		2835A48D2B2E4FC5001CE3E0 /* FareTransferRule.swift */ = {isa = PBXFileReference; lastKnownFileType = sourcecode.swift; path = FareTransferRule.swift; sourceTree = "<group>"; };
		2835A48F2B2E5025001CE3E0 /* Area.swift */ = {isa = PBXFileReference; lastKnownFileType = sourcecode.swift; path = Area.swift; sourceTree = "<group>"; };
		2835A4912B2E5048001CE3E0 /* StopArea.swift */ = {isa = PBXFileReference; lastKnownFileType = sourcecode.swift; path = StopArea.swift; sourceTree = "<group>"; };
		2835A4932B2E5081001CE3E0 /* Network.swift */ = {isa = PBXFileReference; lastKnownFileType = sourcecode.swift; path = Network.swift; sourceTree = "<group>"; };
		2835A4952B2E50A1001CE3E0 /* RouteNetwork.swift */ = {isa = PBXFileReference; lastKnownFileType = sourcecode.swift; path = RouteNetwork.swift; sourceTree = "<group>"; };
		2835A4972B2E50C5001CE3E0 /* Shape.swift */ = {isa = PBXFileReference; lastKnownFileType = sourcecode.swift; path = Shape.swift; sourceTree = "<group>"; };
		2835A4992B2E50FD001CE3E0 /* Frequency.swift */ = {isa = PBXFileReference; lastKnownFileType = sourcecode.swift; path = Frequency.swift; sourceTree = "<group>"; };
		2835A49B2B2E5139001CE3E0 /* Transfer.swift */ = {isa = PBXFileReference; lastKnownFileType = sourcecode.swift; path = Transfer.swift; sourceTree = "<group>"; };
		2835A49D2B2E5195001CE3E0 /* Pathway.swift */ = {isa = PBXFileReference; lastKnownFileType = sourcecode.swift; path = Pathway.swift; sourceTree = "<group>"; };
		2835A49F2B2E51FE001CE3E0 /* Level.swift */ = {isa = PBXFileReference; lastKnownFileType = sourcecode.swift; path = Level.swift; sourceTree = "<group>"; };
		2835A4A12B2E5220001CE3E0 /* Translation.swift */ = {isa = PBXFileReference; lastKnownFileType = sourcecode.swift; path = Translation.swift; sourceTree = "<group>"; };
		2835A4A32B2E527F001CE3E0 /* FeedInfo.swift */ = {isa = PBXFileReference; lastKnownFileType = sourcecode.swift; path = FeedInfo.swift; sourceTree = "<group>"; };
		2835A4A52B2E52D3001CE3E0 /* Attribution.swift */ = {isa = PBXFileReference; lastKnownFileType = sourcecode.swift; path = Attribution.swift; sourceTree = "<group>"; };
		2835A4A72B2EF0A6001CE3E0 /* Dataset.swift */ = {isa = PBXFileReference; lastKnownFileType = sourcecode.swift; path = Dataset.swift; sourceTree = "<group>"; };
		2835A4A92B2F6064001CE3E0 /* DatasetSourceView.swift */ = {isa = PBXFileReference; lastKnownFileType = sourcecode.swift; path = DatasetSourceView.swift; sourceTree = "<group>"; };
		2835A4AB2B2F60BD001CE3E0 /* DatasetDownloader.swift */ = {isa = PBXFileReference; lastKnownFileType = sourcecode.swift; path = DatasetDownloader.swift; sourceTree = "<group>"; };
		288388352B2C3D5F00B0257B /* Transit.app */ = {isa = PBXFileReference; explicitFileType = wrapper.application; includeInIndex = 0; path = Transit.app; sourceTree = BUILT_PRODUCTS_DIR; };
		288388382B2C3D5F00B0257B /* TransitApp.swift */ = {isa = PBXFileReference; lastKnownFileType = sourcecode.swift; path = TransitApp.swift; sourceTree = "<group>"; };
		2883883A2B2C3D5F00B0257B /* ContentView.swift */ = {isa = PBXFileReference; lastKnownFileType = sourcecode.swift; path = ContentView.swift; sourceTree = "<group>"; };
		2883883C2B2C3D6000B0257B /* Assets.xcassets */ = {isa = PBXFileReference; lastKnownFileType = folder.assetcatalog; path = Assets.xcassets; sourceTree = "<group>"; };
		2883883F2B2C3D6000B0257B /* Preview Assets.xcassets */ = {isa = PBXFileReference; lastKnownFileType = folder.assetcatalog; path = "Preview Assets.xcassets"; sourceTree = "<group>"; };
		288388452B2C3D6000B0257B /* TransitTests.xctest */ = {isa = PBXFileReference; explicitFileType = wrapper.cfbundle; includeInIndex = 0; path = TransitTests.xctest; sourceTree = BUILT_PRODUCTS_DIR; };
		288388492B2C3D6000B0257B /* TransitTests.swift */ = {isa = PBXFileReference; lastKnownFileType = sourcecode.swift; path = TransitTests.swift; sourceTree = "<group>"; };
		2883884F2B2C3D6000B0257B /* TransitUITests.xctest */ = {isa = PBXFileReference; explicitFileType = wrapper.cfbundle; includeInIndex = 0; path = TransitUITests.xctest; sourceTree = BUILT_PRODUCTS_DIR; };
		288388532B2C3D6000B0257B /* TransitUITests.swift */ = {isa = PBXFileReference; lastKnownFileType = sourcecode.swift; path = TransitUITests.swift; sourceTree = "<group>"; };
		288388552B2C3D6000B0257B /* TransitUITestsLaunchTests.swift */ = {isa = PBXFileReference; lastKnownFileType = sourcecode.swift; path = TransitUITestsLaunchTests.swift; sourceTree = "<group>"; };
		288388632B2C3E6400B0257B /* Agency.swift */ = {isa = PBXFileReference; lastKnownFileType = sourcecode.swift; path = Agency.swift; sourceTree = "<group>"; };
		288388652B2CAB6900B0257B /* AsyncCSVReader.swift */ = {isa = PBXFileReference; lastKnownFileType = sourcecode.swift; path = AsyncCSVReader.swift; sourceTree = "<group>"; };
/* End PBXFileReference section */

/* Begin PBXFrameworksBuildPhase section */
		288388322B2C3D5F00B0257B /* Frameworks */ = {
			isa = PBXFrameworksBuildPhase;
			buildActionMask = 2147483647;
			files = (
				28F79A7C2B2E46B500F72AA7 /* CSVInit in Frameworks */,
				2835A4AF2B2F8804001CE3E0 /* ZIPFoundation in Frameworks */,
			);
			runOnlyForDeploymentPostprocessing = 0;
		};
		288388422B2C3D6000B0257B /* Frameworks */ = {
			isa = PBXFrameworksBuildPhase;
			buildActionMask = 2147483647;
			files = (
			);
			runOnlyForDeploymentPostprocessing = 0;
		};
		2883884C2B2C3D6000B0257B /* Frameworks */ = {
			isa = PBXFrameworksBuildPhase;
			buildActionMask = 2147483647;
			files = (
			);
			runOnlyForDeploymentPostprocessing = 0;
		};
/* End PBXFrameworksBuildPhase section */

/* Begin PBXGroup section */
		2883882C2B2C3D5F00B0257B = {
			isa = PBXGroup;
			children = (
				281C282B2B2E37B10018D1BA /* CSVInit */,
				288388372B2C3D5F00B0257B /* Transit */,
				288388482B2C3D6000B0257B /* TransitTests */,
				288388522B2C3D6000B0257B /* TransitUITests */,
				288388362B2C3D5F00B0257B /* Products */,
			);
			sourceTree = "<group>";
		};
		288388362B2C3D5F00B0257B /* Products */ = {
			isa = PBXGroup;
			children = (
				288388352B2C3D5F00B0257B /* Transit.app */,
				288388452B2C3D6000B0257B /* TransitTests.xctest */,
				2883884F2B2C3D6000B0257B /* TransitUITests.xctest */,
			);
			name = Products;
			sourceTree = "<group>";
		};
		288388372B2C3D5F00B0257B /* Transit */ = {
			isa = PBXGroup;
			children = (
				2883883C2B2C3D6000B0257B /* Assets.xcassets */,
				2883883A2B2C3D5F00B0257B /* ContentView.swift */,
				288388672B2CAF5900B0257B /* CSV */,
				2835A4A92B2F6064001CE3E0 /* DatasetSourceView.swift */,
				288388622B2C3E5800B0257B /* GTFS */,
				2883883E2B2C3D6000B0257B /* Preview Content */,
				288388382B2C3D5F00B0257B /* TransitApp.swift */,
			);
			path = Transit;
			sourceTree = "<group>";
		};
		2883883E2B2C3D6000B0257B /* Preview Content */ = {
			isa = PBXGroup;
			children = (
				2883883F2B2C3D6000B0257B /* Preview Assets.xcassets */,
			);
			path = "Preview Content";
			sourceTree = "<group>";
		};
		288388482B2C3D6000B0257B /* TransitTests */ = {
			isa = PBXGroup;
			children = (
				288388492B2C3D6000B0257B /* TransitTests.swift */,
			);
			path = TransitTests;
			sourceTree = "<group>";
		};
		288388522B2C3D6000B0257B /* TransitUITests */ = {
			isa = PBXGroup;
			children = (
				288388532B2C3D6000B0257B /* TransitUITests.swift */,
				288388552B2C3D6000B0257B /* TransitUITestsLaunchTests.swift */,
			);
			path = TransitUITests;
			sourceTree = "<group>";
		};
		288388622B2C3E5800B0257B /* GTFS */ = {
			isa = PBXGroup;
			children = (
				288388632B2C3E6400B0257B /* Agency.swift */,
				2835A48F2B2E5025001CE3E0 /* Area.swift */,
				2835A4A52B2E52D3001CE3E0 /* Attribution.swift */,
				2835A47D2B2E4D2D001CE3E0 /* Calendar.swift */,
				2835A47F2B2E4D97001CE3E0 /* CalendarDate.swift */,
				2835A4A72B2EF0A6001CE3E0 /* Dataset.swift */,
				2835A4AB2B2F60BD001CE3E0 /* DatasetDownloader.swift */,
				2835A4812B2E4DD0001CE3E0 /* FareAttribute.swift */,
				2835A48B2B2E4F69001CE3E0 /* FareLegRule.swift */,
				2835A4872B2E4ED5001CE3E0 /* FareMedia.swift */,
				2835A4892B2E4F1D001CE3E0 /* FareProduct.swift */,
				2835A4832B2E4E4E001CE3E0 /* FareRule.swift */,
				2835A48D2B2E4FC5001CE3E0 /* FareTransferRule.swift */,
				2835A4A32B2E527F001CE3E0 /* FeedInfo.swift */,
				2835A4992B2E50FD001CE3E0 /* Frequency.swift */,
				2835A49F2B2E51FE001CE3E0 /* Level.swift */,
				2835A4932B2E5081001CE3E0 /* Network.swift */,
				2835A49D2B2E5195001CE3E0 /* Pathway.swift */,
				2835A4772B2E4B00001CE3E0 /* Route.swift */,
				2835A4952B2E50A1001CE3E0 /* RouteNetwork.swift */,
				2835A4972B2E50C5001CE3E0 /* Shape.swift */,
				2835A4752B2E49F5001CE3E0 /* Stop.swift */,
				2835A4912B2E5048001CE3E0 /* StopArea.swift */,
				2835A47B2B2E4C99001CE3E0 /* StopTime.swift */,
				2835A4852B2E4E9A001CE3E0 /* Timeframe.swift */,
				2835A49B2B2E5139001CE3E0 /* Transfer.swift */,
				2835A4A12B2E5220001CE3E0 /* Translation.swift */,
				2835A4792B2E4B8C001CE3E0 /* Trip.swift */,
			);
			path = GTFS;
			sourceTree = "<group>";
		};
		288388672B2CAF5900B0257B /* CSV */ = {
			isa = PBXGroup;
			children = (
				281C28282B2D08140018D1BA /* CSVFragment.swift */,
				288388652B2CAB6900B0257B /* AsyncCSVReader.swift */,
			);
			path = CSV;
			sourceTree = "<group>";
		};
/* End PBXGroup section */

/* Begin PBXNativeTarget section */
		288388342B2C3D5F00B0257B /* Transit */ = {
			isa = PBXNativeTarget;
			buildConfigurationList = 288388592B2C3D6000B0257B /* Build configuration list for PBXNativeTarget "Transit" */;
			buildPhases = (
				288388312B2C3D5F00B0257B /* Sources */,
				288388322B2C3D5F00B0257B /* Frameworks */,
				288388332B2C3D5F00B0257B /* Resources */,
			);
			buildRules = (
			);
			dependencies = (
			);
			name = Transit;
			packageProductDependencies = (
				28F79A7B2B2E46B500F72AA7 /* CSVInit */,
				2835A4AE2B2F8804001CE3E0 /* ZIPFoundation */,
			);
			productName = Transit;
			productReference = 288388352B2C3D5F00B0257B /* Transit.app */;
			productType = "com.apple.product-type.application";
		};
		288388442B2C3D6000B0257B /* TransitTests */ = {
			isa = PBXNativeTarget;
			buildConfigurationList = 2883885C2B2C3D6000B0257B /* Build configuration list for PBXNativeTarget "TransitTests" */;
			buildPhases = (
				288388412B2C3D6000B0257B /* Sources */,
				288388422B2C3D6000B0257B /* Frameworks */,
				288388432B2C3D6000B0257B /* Resources */,
			);
			buildRules = (
			);
			dependencies = (
				288388472B2C3D6000B0257B /* PBXTargetDependency */,
			);
			name = TransitTests;
			productName = TransitTests;
			productReference = 288388452B2C3D6000B0257B /* TransitTests.xctest */;
			productType = "com.apple.product-type.bundle.unit-test";
		};
		2883884E2B2C3D6000B0257B /* TransitUITests */ = {
			isa = PBXNativeTarget;
			buildConfigurationList = 2883885F2B2C3D6000B0257B /* Build configuration list for PBXNativeTarget "TransitUITests" */;
			buildPhases = (
				2883884B2B2C3D6000B0257B /* Sources */,
				2883884C2B2C3D6000B0257B /* Frameworks */,
				2883884D2B2C3D6000B0257B /* Resources */,
			);
			buildRules = (
			);
			dependencies = (
				288388512B2C3D6000B0257B /* PBXTargetDependency */,
			);
			name = TransitUITests;
			productName = TransitUITests;
			productReference = 2883884F2B2C3D6000B0257B /* TransitUITests.xctest */;
			productType = "com.apple.product-type.bundle.ui-testing";
		};
/* End PBXNativeTarget section */

/* Begin PBXProject section */
		2883882D2B2C3D5F00B0257B /* Project object */ = {
			isa = PBXProject;
			attributes = {
				BuildIndependentTargetsInParallel = 1;
				LastSwiftUpdateCheck = 1510;
				LastUpgradeCheck = 1510;
				TargetAttributes = {
					288388342B2C3D5F00B0257B = {
						CreatedOnToolsVersion = 15.1;
					};
					288388442B2C3D6000B0257B = {
						CreatedOnToolsVersion = 15.1;
						TestTargetID = 288388342B2C3D5F00B0257B;
					};
					2883884E2B2C3D6000B0257B = {
						CreatedOnToolsVersion = 15.1;
						TestTargetID = 288388342B2C3D5F00B0257B;
					};
				};
			};
			buildConfigurationList = 288388302B2C3D5F00B0257B /* Build configuration list for PBXProject "Transit" */;
			compatibilityVersion = "Xcode 14.0";
			developmentRegion = en;
			hasScannedForEncodings = 0;
			knownRegions = (
				en,
				Base,
			);
			mainGroup = 2883882C2B2C3D5F00B0257B;
			packageReferences = (
				28F79A7A2B2E46B500F72AA7 /* XCLocalSwiftPackageReference "CSVInit" */,
				2835A4AD2B2F8804001CE3E0 /* XCRemoteSwiftPackageReference "ZIPFoundation" */,
			);
			productRefGroup = 288388362B2C3D5F00B0257B /* Products */;
			projectDirPath = "";
			projectRoot = "";
			targets = (
				288388342B2C3D5F00B0257B /* Transit */,
				288388442B2C3D6000B0257B /* TransitTests */,
				2883884E2B2C3D6000B0257B /* TransitUITests */,
			);
		};
/* End PBXProject section */

/* Begin PBXResourcesBuildPhase section */
		288388332B2C3D5F00B0257B /* Resources */ = {
			isa = PBXResourcesBuildPhase;
			buildActionMask = 2147483647;
			files = (
				288388402B2C3D6000B0257B /* Preview Assets.xcassets in Resources */,
				2883883D2B2C3D6000B0257B /* Assets.xcassets in Resources */,
			);
			runOnlyForDeploymentPostprocessing = 0;
		};
		288388432B2C3D6000B0257B /* Resources */ = {
			isa = PBXResourcesBuildPhase;
			buildActionMask = 2147483647;
			files = (
			);
			runOnlyForDeploymentPostprocessing = 0;
		};
		2883884D2B2C3D6000B0257B /* Resources */ = {
			isa = PBXResourcesBuildPhase;
			buildActionMask = 2147483647;
			files = (
			);
			runOnlyForDeploymentPostprocessing = 0;
		};
/* End PBXResourcesBuildPhase section */

/* Begin PBXSourcesBuildPhase section */
		288388312B2C3D5F00B0257B /* Sources */ = {
			isa = PBXSourcesBuildPhase;
			buildActionMask = 2147483647;
			files = (
				2835A4902B2E5025001CE3E0 /* Area.swift in Sources */,
				2883883B2B2C3D5F00B0257B /* ContentView.swift in Sources */,
				288388642B2C3E6400B0257B /* Agency.swift in Sources */,
				2835A4A02B2E51FE001CE3E0 /* Level.swift in Sources */,
				2835A4AA2B2F6064001CE3E0 /* DatasetSourceView.swift in Sources */,
				288388392B2C3D5F00B0257B /* TransitApp.swift in Sources */,
				2835A4982B2E50C5001CE3E0 /* Shape.swift in Sources */,
				2835A4AC2B2F60BD001CE3E0 /* DatasetDownloader.swift in Sources */,
				281C28292B2D08140018D1BA /* CSVFragment.swift in Sources */,
				2835A49C2B2E5139001CE3E0 /* Transfer.swift in Sources */,
				2835A4942B2E5081001CE3E0 /* Network.swift in Sources */,
				2835A48E2B2E4FC5001CE3E0 /* FareTransferRule.swift in Sources */,
				2835A48C2B2E4F69001CE3E0 /* FareLegRule.swift in Sources */,
				2835A47A2B2E4B8C001CE3E0 /* Trip.swift in Sources */,
				288388662B2CAB6900B0257B /* AsyncCSVReader.swift in Sources */,
				2835A4862B2E4E9A001CE3E0 /* Timeframe.swift in Sources */,
				2835A4A22B2E5220001CE3E0 /* Translation.swift in Sources */,
				2835A4A62B2E52D3001CE3E0 /* Attribution.swift in Sources */,
				2835A4802B2E4D97001CE3E0 /* CalendarDate.swift in Sources */,
				2835A4A82B2EF0A6001CE3E0 /* Dataset.swift in Sources */,
				2835A47C2B2E4C99001CE3E0 /* StopTime.swift in Sources */,
				2835A4842B2E4E4E001CE3E0 /* FareRule.swift in Sources */,
				2835A49E2B2E5195001CE3E0 /* Pathway.swift in Sources */,
				2835A4822B2E4DD0001CE3E0 /* FareAttribute.swift in Sources */,
				2835A4A42B2E527F001CE3E0 /* FeedInfo.swift in Sources */,
				2835A48A2B2E4F1D001CE3E0 /* FareProduct.swift in Sources */,
				2835A4782B2E4B00001CE3E0 /* Route.swift in Sources */,
				2835A4922B2E5048001CE3E0 /* StopArea.swift in Sources */,
				2835A4762B2E49F5001CE3E0 /* Stop.swift in Sources */,
				2835A49A2B2E50FD001CE3E0 /* Frequency.swift in Sources */,
				2835A47E2B2E4D2D001CE3E0 /* Calendar.swift in Sources */,
				2835A4962B2E50A1001CE3E0 /* RouteNetwork.swift in Sources */,
				2835A4882B2E4ED5001CE3E0 /* FareMedia.swift in Sources */,
			);
			runOnlyForDeploymentPostprocessing = 0;
		};
		288388412B2C3D6000B0257B /* Sources */ = {
			isa = PBXSourcesBuildPhase;
			buildActionMask = 2147483647;
			files = (
				2883884A2B2C3D6000B0257B /* TransitTests.swift in Sources */,
			);
			runOnlyForDeploymentPostprocessing = 0;
		};
		2883884B2B2C3D6000B0257B /* Sources */ = {
			isa = PBXSourcesBuildPhase;
			buildActionMask = 2147483647;
			files = (
				288388562B2C3D6000B0257B /* TransitUITestsLaunchTests.swift in Sources */,
				288388542B2C3D6000B0257B /* TransitUITests.swift in Sources */,
			);
			runOnlyForDeploymentPostprocessing = 0;
		};
/* End PBXSourcesBuildPhase section */

/* Begin PBXTargetDependency section */
		288388472B2C3D6000B0257B /* PBXTargetDependency */ = {
			isa = PBXTargetDependency;
			target = 288388342B2C3D5F00B0257B /* Transit */;
			targetProxy = 288388462B2C3D6000B0257B /* PBXContainerItemProxy */;
		};
		288388512B2C3D6000B0257B /* PBXTargetDependency */ = {
			isa = PBXTargetDependency;
			target = 288388342B2C3D5F00B0257B /* Transit */;
			targetProxy = 288388502B2C3D6000B0257B /* PBXContainerItemProxy */;
		};
/* End PBXTargetDependency section */

/* Begin XCBuildConfiguration section */
		288388572B2C3D6000B0257B /* Debug */ = {
			isa = XCBuildConfiguration;
			buildSettings = {
				ALWAYS_SEARCH_USER_PATHS = NO;
				ASSETCATALOG_COMPILER_GENERATE_SWIFT_ASSET_SYMBOL_EXTENSIONS = YES;
				CLANG_ANALYZER_NONNULL = YES;
				CLANG_ANALYZER_NUMBER_OBJECT_CONVERSION = YES_AGGRESSIVE;
				CLANG_CXX_LANGUAGE_STANDARD = "gnu++20";
				CLANG_ENABLE_MODULES = YES;
				CLANG_ENABLE_OBJC_ARC = YES;
				CLANG_ENABLE_OBJC_WEAK = YES;
				CLANG_WARN_BLOCK_CAPTURE_AUTORELEASING = YES;
				CLANG_WARN_BOOL_CONVERSION = YES;
				CLANG_WARN_COMMA = YES;
				CLANG_WARN_CONSTANT_CONVERSION = YES;
				CLANG_WARN_DEPRECATED_OBJC_IMPLEMENTATIONS = YES;
				CLANG_WARN_DIRECT_OBJC_ISA_USAGE = YES_ERROR;
				CLANG_WARN_DOCUMENTATION_COMMENTS = YES;
				CLANG_WARN_EMPTY_BODY = YES;
				CLANG_WARN_ENUM_CONVERSION = YES;
				CLANG_WARN_INFINITE_RECURSION = YES;
				CLANG_WARN_INT_CONVERSION = YES;
				CLANG_WARN_NON_LITERAL_NULL_CONVERSION = YES;
				CLANG_WARN_OBJC_IMPLICIT_RETAIN_SELF = YES;
				CLANG_WARN_OBJC_LITERAL_CONVERSION = YES;
				CLANG_WARN_OBJC_ROOT_CLASS = YES_ERROR;
				CLANG_WARN_QUOTED_INCLUDE_IN_FRAMEWORK_HEADER = YES;
				CLANG_WARN_RANGE_LOOP_ANALYSIS = YES;
				CLANG_WARN_STRICT_PROTOTYPES = YES;
				CLANG_WARN_SUSPICIOUS_MOVE = YES;
				CLANG_WARN_UNGUARDED_AVAILABILITY = YES_AGGRESSIVE;
				CLANG_WARN_UNREACHABLE_CODE = YES;
				CLANG_WARN__DUPLICATE_METHOD_MATCH = YES;
				COPY_PHASE_STRIP = NO;
				DEBUG_INFORMATION_FORMAT = dwarf;
				ENABLE_STRICT_OBJC_MSGSEND = YES;
				ENABLE_TESTABILITY = YES;
				ENABLE_USER_SCRIPT_SANDBOXING = YES;
				GCC_C_LANGUAGE_STANDARD = gnu17;
				GCC_DYNAMIC_NO_PIC = NO;
				GCC_NO_COMMON_BLOCKS = YES;
				GCC_OPTIMIZATION_LEVEL = 0;
				GCC_PREPROCESSOR_DEFINITIONS = (
					"DEBUG=1",
					"$(inherited)",
				);
				GCC_WARN_64_TO_32_BIT_CONVERSION = YES;
				GCC_WARN_ABOUT_RETURN_TYPE = YES_ERROR;
				GCC_WARN_UNDECLARED_SELECTOR = YES;
				GCC_WARN_UNINITIALIZED_AUTOS = YES_AGGRESSIVE;
				GCC_WARN_UNUSED_FUNCTION = YES;
				GCC_WARN_UNUSED_VARIABLE = YES;
				IPHONEOS_DEPLOYMENT_TARGET = 17.2;
				LOCALIZATION_PREFERS_STRING_CATALOGS = YES;
				MTL_ENABLE_DEBUG_INFO = INCLUDE_SOURCE;
				MTL_FAST_MATH = YES;
				ONLY_ACTIVE_ARCH = YES;
				SDKROOT = iphoneos;
				SWIFT_ACTIVE_COMPILATION_CONDITIONS = "DEBUG $(inherited)";
				SWIFT_OPTIMIZATION_LEVEL = "-Onone";
			};
			name = Debug;
		};
		288388582B2C3D6000B0257B /* Release */ = {
			isa = XCBuildConfiguration;
			buildSettings = {
				ALWAYS_SEARCH_USER_PATHS = NO;
				ASSETCATALOG_COMPILER_GENERATE_SWIFT_ASSET_SYMBOL_EXTENSIONS = YES;
				CLANG_ANALYZER_NONNULL = YES;
				CLANG_ANALYZER_NUMBER_OBJECT_CONVERSION = YES_AGGRESSIVE;
				CLANG_CXX_LANGUAGE_STANDARD = "gnu++20";
				CLANG_ENABLE_MODULES = YES;
				CLANG_ENABLE_OBJC_ARC = YES;
				CLANG_ENABLE_OBJC_WEAK = YES;
				CLANG_WARN_BLOCK_CAPTURE_AUTORELEASING = YES;
				CLANG_WARN_BOOL_CONVERSION = YES;
				CLANG_WARN_COMMA = YES;
				CLANG_WARN_CONSTANT_CONVERSION = YES;
				CLANG_WARN_DEPRECATED_OBJC_IMPLEMENTATIONS = YES;
				CLANG_WARN_DIRECT_OBJC_ISA_USAGE = YES_ERROR;
				CLANG_WARN_DOCUMENTATION_COMMENTS = YES;
				CLANG_WARN_EMPTY_BODY = YES;
				CLANG_WARN_ENUM_CONVERSION = YES;
				CLANG_WARN_INFINITE_RECURSION = YES;
				CLANG_WARN_INT_CONVERSION = YES;
				CLANG_WARN_NON_LITERAL_NULL_CONVERSION = YES;
				CLANG_WARN_OBJC_IMPLICIT_RETAIN_SELF = YES;
				CLANG_WARN_OBJC_LITERAL_CONVERSION = YES;
				CLANG_WARN_OBJC_ROOT_CLASS = YES_ERROR;
				CLANG_WARN_QUOTED_INCLUDE_IN_FRAMEWORK_HEADER = YES;
				CLANG_WARN_RANGE_LOOP_ANALYSIS = YES;
				CLANG_WARN_STRICT_PROTOTYPES = YES;
				CLANG_WARN_SUSPICIOUS_MOVE = YES;
				CLANG_WARN_UNGUARDED_AVAILABILITY = YES_AGGRESSIVE;
				CLANG_WARN_UNREACHABLE_CODE = YES;
				CLANG_WARN__DUPLICATE_METHOD_MATCH = YES;
				COPY_PHASE_STRIP = NO;
				DEBUG_INFORMATION_FORMAT = "dwarf-with-dsym";
				ENABLE_NS_ASSERTIONS = NO;
				ENABLE_STRICT_OBJC_MSGSEND = YES;
				ENABLE_USER_SCRIPT_SANDBOXING = YES;
				GCC_C_LANGUAGE_STANDARD = gnu17;
				GCC_NO_COMMON_BLOCKS = YES;
				GCC_WARN_64_TO_32_BIT_CONVERSION = YES;
				GCC_WARN_ABOUT_RETURN_TYPE = YES_ERROR;
				GCC_WARN_UNDECLARED_SELECTOR = YES;
				GCC_WARN_UNINITIALIZED_AUTOS = YES_AGGRESSIVE;
				GCC_WARN_UNUSED_FUNCTION = YES;
				GCC_WARN_UNUSED_VARIABLE = YES;
				IPHONEOS_DEPLOYMENT_TARGET = 17.2;
				LOCALIZATION_PREFERS_STRING_CATALOGS = YES;
				MTL_ENABLE_DEBUG_INFO = NO;
				MTL_FAST_MATH = YES;
				SDKROOT = iphoneos;
				SWIFT_COMPILATION_MODE = wholemodule;
				VALIDATE_PRODUCT = YES;
			};
			name = Release;
		};
		2883885A2B2C3D6000B0257B /* Debug */ = {
			isa = XCBuildConfiguration;
			buildSettings = {
				ASSETCATALOG_COMPILER_APPICON_NAME = AppIcon;
				ASSETCATALOG_COMPILER_GLOBAL_ACCENT_COLOR_NAME = AccentColor;
				CODE_SIGN_STYLE = Automatic;
				CURRENT_PROJECT_VERSION = 1;
				DEVELOPMENT_ASSET_PATHS = "\"Transit/Preview Content\"";
				DEVELOPMENT_TEAM = 42LR54HVC2;
				ENABLE_PREVIEWS = YES;
				GENERATE_INFOPLIST_FILE = YES;
				INFOPLIST_KEY_UIApplicationSceneManifest_Generation = YES;
				INFOPLIST_KEY_UIApplicationSupportsIndirectInputEvents = YES;
				INFOPLIST_KEY_UILaunchScreen_Generation = YES;
				INFOPLIST_KEY_UISupportedInterfaceOrientations_iPad = "UIInterfaceOrientationPortrait UIInterfaceOrientationPortraitUpsideDown UIInterfaceOrientationLandscapeLeft UIInterfaceOrientationLandscapeRight";
				INFOPLIST_KEY_UISupportedInterfaceOrientations_iPhone = "UIInterfaceOrientationPortrait UIInterfaceOrientationLandscapeLeft UIInterfaceOrientationLandscapeRight";
				LD_RUNPATH_SEARCH_PATHS = (
					"$(inherited)",
					"@executable_path/Frameworks",
				);
				MARKETING_VERSION = 1.0;
				PRODUCT_BUNDLE_IDENTIFIER = com.tthbalazs.Transit;
				PRODUCT_NAME = "$(TARGET_NAME)";
				SWIFT_EMIT_LOC_STRINGS = YES;
				SWIFT_VERSION = 5.0;
				TARGETED_DEVICE_FAMILY = "1,2";
			};
			name = Debug;
		};
		2883885B2B2C3D6000B0257B /* Release */ = {
			isa = XCBuildConfiguration;
			buildSettings = {
				ASSETCATALOG_COMPILER_APPICON_NAME = AppIcon;
				ASSETCATALOG_COMPILER_GLOBAL_ACCENT_COLOR_NAME = AccentColor;
				CODE_SIGN_STYLE = Automatic;
				CURRENT_PROJECT_VERSION = 1;
				DEVELOPMENT_ASSET_PATHS = "\"Transit/Preview Content\"";
				DEVELOPMENT_TEAM = 42LR54HVC2;
				ENABLE_PREVIEWS = YES;
				GENERATE_INFOPLIST_FILE = YES;
				INFOPLIST_KEY_UIApplicationSceneManifest_Generation = YES;
				INFOPLIST_KEY_UIApplicationSupportsIndirectInputEvents = YES;
				INFOPLIST_KEY_UILaunchScreen_Generation = YES;
				INFOPLIST_KEY_UISupportedInterfaceOrientations_iPad = "UIInterfaceOrientationPortrait UIInterfaceOrientationPortraitUpsideDown UIInterfaceOrientationLandscapeLeft UIInterfaceOrientationLandscapeRight";
				INFOPLIST_KEY_UISupportedInterfaceOrientations_iPhone = "UIInterfaceOrientationPortrait UIInterfaceOrientationLandscapeLeft UIInterfaceOrientationLandscapeRight";
				LD_RUNPATH_SEARCH_PATHS = (
					"$(inherited)",
					"@executable_path/Frameworks",
				);
				MARKETING_VERSION = 1.0;
				PRODUCT_BUNDLE_IDENTIFIER = com.tthbalazs.Transit;
				PRODUCT_NAME = "$(TARGET_NAME)";
				SWIFT_EMIT_LOC_STRINGS = YES;
				SWIFT_VERSION = 5.0;
				TARGETED_DEVICE_FAMILY = "1,2";
			};
			name = Release;
		};
		2883885D2B2C3D6000B0257B /* Debug */ = {
			isa = XCBuildConfiguration;
			buildSettings = {
				ALWAYS_EMBED_SWIFT_STANDARD_LIBRARIES = YES;
				BUNDLE_LOADER = "$(TEST_HOST)";
				CODE_SIGN_STYLE = Automatic;
				CURRENT_PROJECT_VERSION = 1;
				DEVELOPMENT_TEAM = 42LR54HVC2;
				GENERATE_INFOPLIST_FILE = YES;
				IPHONEOS_DEPLOYMENT_TARGET = 17.2;
				MARKETING_VERSION = 1.0;
				PRODUCT_BUNDLE_IDENTIFIER = com.tthbalazs.TransitTests;
				PRODUCT_NAME = "$(TARGET_NAME)";
				SWIFT_EMIT_LOC_STRINGS = NO;
				SWIFT_VERSION = 5.0;
				TARGETED_DEVICE_FAMILY = "1,2";
				TEST_HOST = "$(BUILT_PRODUCTS_DIR)/Transit.app/$(BUNDLE_EXECUTABLE_FOLDER_PATH)/Transit";
			};
			name = Debug;
		};
		2883885E2B2C3D6000B0257B /* Release */ = {
			isa = XCBuildConfiguration;
			buildSettings = {
				ALWAYS_EMBED_SWIFT_STANDARD_LIBRARIES = YES;
				BUNDLE_LOADER = "$(TEST_HOST)";
				CODE_SIGN_STYLE = Automatic;
				CURRENT_PROJECT_VERSION = 1;
				DEVELOPMENT_TEAM = 42LR54HVC2;
				GENERATE_INFOPLIST_FILE = YES;
				IPHONEOS_DEPLOYMENT_TARGET = 17.2;
				MARKETING_VERSION = 1.0;
				PRODUCT_BUNDLE_IDENTIFIER = com.tthbalazs.TransitTests;
				PRODUCT_NAME = "$(TARGET_NAME)";
				SWIFT_EMIT_LOC_STRINGS = NO;
				SWIFT_VERSION = 5.0;
				TARGETED_DEVICE_FAMILY = "1,2";
				TEST_HOST = "$(BUILT_PRODUCTS_DIR)/Transit.app/$(BUNDLE_EXECUTABLE_FOLDER_PATH)/Transit";
			};
			name = Release;
		};
		288388602B2C3D6000B0257B /* Debug */ = {
			isa = XCBuildConfiguration;
			buildSettings = {
				ALWAYS_EMBED_SWIFT_STANDARD_LIBRARIES = YES;
				CODE_SIGN_STYLE = Automatic;
				CURRENT_PROJECT_VERSION = 1;
				DEVELOPMENT_TEAM = 42LR54HVC2;
				GENERATE_INFOPLIST_FILE = YES;
				MARKETING_VERSION = 1.0;
				PRODUCT_BUNDLE_IDENTIFIER = com.tthbalazs.TransitUITests;
				PRODUCT_NAME = "$(TARGET_NAME)";
				SWIFT_EMIT_LOC_STRINGS = NO;
				SWIFT_VERSION = 5.0;
				TARGETED_DEVICE_FAMILY = "1,2";
				TEST_TARGET_NAME = Transit;
			};
			name = Debug;
		};
		288388612B2C3D6000B0257B /* Release */ = {
			isa = XCBuildConfiguration;
			buildSettings = {
				ALWAYS_EMBED_SWIFT_STANDARD_LIBRARIES = YES;
				CODE_SIGN_STYLE = Automatic;
				CURRENT_PROJECT_VERSION = 1;
				DEVELOPMENT_TEAM = 42LR54HVC2;
				GENERATE_INFOPLIST_FILE = YES;
				MARKETING_VERSION = 1.0;
				PRODUCT_BUNDLE_IDENTIFIER = com.tthbalazs.TransitUITests;
				PRODUCT_NAME = "$(TARGET_NAME)";
				SWIFT_EMIT_LOC_STRINGS = NO;
				SWIFT_VERSION = 5.0;
				TARGETED_DEVICE_FAMILY = "1,2";
				TEST_TARGET_NAME = Transit;
			};
			name = Release;
		};
/* End XCBuildConfiguration section */

/* Begin XCConfigurationList section */
		288388302B2C3D5F00B0257B /* Build configuration list for PBXProject "Transit" */ = {
			isa = XCConfigurationList;
			buildConfigurations = (
				288388572B2C3D6000B0257B /* Debug */,
				288388582B2C3D6000B0257B /* Release */,
			);
			defaultConfigurationIsVisible = 0;
			defaultConfigurationName = Release;
		};
		288388592B2C3D6000B0257B /* Build configuration list for PBXNativeTarget "Transit" */ = {
			isa = XCConfigurationList;
			buildConfigurations = (
				2883885A2B2C3D6000B0257B /* Debug */,
				2883885B2B2C3D6000B0257B /* Release */,
			);
			defaultConfigurationIsVisible = 0;
			defaultConfigurationName = Release;
		};
		2883885C2B2C3D6000B0257B /* Build configuration list for PBXNativeTarget "TransitTests" */ = {
			isa = XCConfigurationList;
			buildConfigurations = (
				2883885D2B2C3D6000B0257B /* Debug */,
				2883885E2B2C3D6000B0257B /* Release */,
			);
			defaultConfigurationIsVisible = 0;
			defaultConfigurationName = Release;
		};
		2883885F2B2C3D6000B0257B /* Build configuration list for PBXNativeTarget "TransitUITests" */ = {
			isa = XCConfigurationList;
			buildConfigurations = (
				288388602B2C3D6000B0257B /* Debug */,
				288388612B2C3D6000B0257B /* Release */,
			);
			defaultConfigurationIsVisible = 0;
			defaultConfigurationName = Release;
		};
/* End XCConfigurationList section */

/* Begin XCLocalSwiftPackageReference section */
		28F79A7A2B2E46B500F72AA7 /* XCLocalSwiftPackageReference "CSVInit" */ = {
			isa = XCLocalSwiftPackageReference;
			relativePath = CSVInit;
		};
/* End XCLocalSwiftPackageReference section */

/* Begin XCRemoteSwiftPackageReference section */
		2835A4AD2B2F8804001CE3E0 /* XCRemoteSwiftPackageReference "ZIPFoundation" */ = {
			isa = XCRemoteSwiftPackageReference;
			repositoryURL = "https://github.com/weichsel/ZIPFoundation.git";
			requirement = {
				kind = upToNextMajorVersion;
				minimumVersion = 0.9.17;
			};
		};
/* End XCRemoteSwiftPackageReference section */

/* Begin XCSwiftPackageProductDependency section */
		2835A4AE2B2F8804001CE3E0 /* ZIPFoundation */ = {
			isa = XCSwiftPackageProductDependency;
			package = 2835A4AD2B2F8804001CE3E0 /* XCRemoteSwiftPackageReference "ZIPFoundation" */;
			productName = ZIPFoundation;
		};
		28F79A7B2B2E46B500F72AA7 /* CSVInit */ = {
			isa = XCSwiftPackageProductDependency;
			productName = CSVInit;
		};
/* End XCSwiftPackageProductDependency section */
	};
	rootObject = 2883882D2B2C3D5F00B0257B /* Project object */;
}
